
Microsoft Visual Studio Solution File, Format Version 12.00
# Visual Studio Version 17
VisualStudioVersion = 17.6.33829.357
MinimumVisualStudioVersion = 10.0.40219.1
Project("{FAE04EC0-301F-11D3-BF4B-00C04F79EFBC}") = "singalR_Test", "singalR_Test\singalR_Test.csproj", "{B598E806-F86F-4143-AB86-BD38E5EDC698}"
EndProject
Global
	GlobalSection(SolutionConfigurationPlatforms) = preSolution
		Debug|Any CPU = Debug|Any CPU
		Release|Any CPU = Release|Any CPU
	EndGlobalSection
	GlobalSection(ProjectConfigurationPlatforms) = postSolution
		{B598E806-F86F-4143-AB86-BD38E5EDC698}.Debug|Any CPU.ActiveCfg = Debug|Any CPU
		{B598E806-F86F-4143-AB86-BD38E5EDC698}.Debug|Any CPU.Build.0 = Debug|Any CPU
		{B598E806-F86F-4143-AB86-BD38E5EDC698}.Release|Any CPU.ActiveCfg = Release|Any CPU
		{B598E806-F86F-4143-AB86-BD38E5EDC698}.Release|Any CPU.Build.0 = Release|Any CPU
	EndGlobalSection
	GlobalSection(SolutionProperties) = preSolution
		HideSolutionNode = FALSE
	EndGlobalSection
	GlobalSection(ExtensibilityGlobals) = postSolution
		SolutionGuid = {3BABBB16-340E-41B2-84F9-39C063AF59AC}
	EndGlobalSection
EndGlobal
